dependencies:
- name: postgresql
  repository: https://charts.bitnami.com/bitnami
  version: 6.5.0
- name: redis
  repository: https://charts.bitnami.com/bitnami
  version: 9.3.2
digest: sha256:a80c0b25b3c2856040c6317badc32e3c7f59e501688493334bb85151b829263b
generated: "2020-03-25T19:49:04.252658+02:00"
